
Microsoft Visual Studio Solution File, Format Version 12.00
# Visual Studio Version 16
VisualStudioVersion = 16.0.31729.503
MinimumVisualStudioVersion = 10.0.40219.1
Project("{FAE04EC0-301F-11D3-BF4B-00C04F79EFBC}") = "Lab_.NET-2", "Lab_.NET-2.csproj", "{14E96DF0-21ED-4824-90FD-619EF2A2EC81}"
EndProject
Global
	GlobalSection(SolutionConfigurationPlatforms) = preSolution
		Debug|Any CPU = Debug|Any CPU
		Release|Any CPU = Release|Any CPU
	EndGlobalSection
	GlobalSection(ProjectConfigurationPlatforms) = postSolution
		{14E96DF0-21ED-4824-90FD-619EF2A2EC81}.Debug|Any CPU.ActiveCfg = Debug|Any CPU
		{14E96DF0-21ED-4824-90FD-619EF2A2EC81}.Debug|Any CPU.Build.0 = Debug|Any CPU
		{14E96DF0-21ED-4824-90FD-619EF2A2EC81}.Release|Any CPU.ActiveCfg = Release|Any CPU
		{14E96DF0-21ED-4824-90FD-619EF2A2EC81}.Release|Any CPU.Build.0 = Release|Any CPU
	EndGlobalSection
	GlobalSection(SolutionProperties) = preSolution
		HideSolutionNode = FALSE
	EndGlobalSection
	GlobalSection(ExtensibilityGlobals) = postSolution
		SolutionGuid = {680EFECC-E9F4-487A-B2AD-0101C0ED6854}
	EndGlobalSection
EndGlobal
